// !$*UTF8*$!
{
	archiveVersion = 1;
	classes = {
	};
	objectVersion = 51;
	objects = {

/* Begin PBXBuildFile section */
		140B6F1326AAE50C0084D65D /* InputViewModel.swift in Sources */ = {isa = PBXBuildFile; fileRef = 140B6F1226AAE50C0084D65D /* InputViewModel.swift */; };
		140B6F2026AD55140084D65D /* TableHeaderView.xib in Resources */ = {isa = PBXBuildFile; fileRef = 140B6F1F26AD55140084D65D /* TableHeaderView.xib */; };
		140B6F2526AD5B5B0084D65D /* KakeiboListViewModel.swift in Sources */ = {isa = PBXBuildFile; fileRef = 140B6F2426AD5B5B0084D65D /* KakeiboListViewModel.swift */; };
		1423CF3926B96E0D00C40117 /* CustomTextField.swift in Sources */ = {isa = PBXBuildFile; fileRef = 1423CF3826B96E0D00C40117 /* CustomTextField.swift */; };
		1424CB91266F99AB00B90411 /* AppDelegate.swift in Sources */ = {isa = PBXBuildFile; fileRef = 1424CB90266F99AB00B90411 /* AppDelegate.swift */; };
		1424CB93266F99AB00B90411 /* SceneDelegate.swift in Sources */ = {isa = PBXBuildFile; fileRef = 1424CB92266F99AB00B90411 /* SceneDelegate.swift */; };
		1424CB95266F99AB00B90411 /* KakeiboListViewController.swift in Sources */ = {isa = PBXBuildFile; fileRef = 1424CB94266F99AB00B90411 /* KakeiboListViewController.swift */; };
		1424CB98266F99AB00B90411 /* Main.storyboard in Resources */ = {isa = PBXBuildFile; fileRef = 1424CB96266F99AB00B90411 /* Main.storyboard */; };
		1424CB9A266F99AB00B90411 /* Assets.xcassets in Resources */ = {isa = PBXBuildFile; fileRef = 1424CB99266F99AB00B90411 /* Assets.xcassets */; };
		1424CB9D266F99AB00B90411 /* LaunchScreen.storyboard in Resources */ = {isa = PBXBuildFile; fileRef = 1424CB9B266F99AB00B90411 /* LaunchScreen.storyboard */; };
		1424CBA8266F99AB00B90411 /* WeeklyKakeiboTests.swift in Sources */ = {isa = PBXBuildFile; fileRef = 1424CBA7266F99AB00B90411 /* WeeklyKakeiboTests.swift */; };
		1424CBB3266F99AB00B90411 /* WeeklyKakeiboUITests.swift in Sources */ = {isa = PBXBuildFile; fileRef = 1424CBB2266F99AB00B90411 /* WeeklyKakeiboUITests.swift */; };
		1426216526998D02001A4D4A /* GoogleService-Info.plist in Resources */ = {isa = PBXBuildFile; fileRef = 1426216426998D02001A4D4A /* GoogleService-Info.plist */; };
		14262170269AF693001A4D4A /* Color.xcassets in Resources */ = {isa = PBXBuildFile; fileRef = 1426216F269AF693001A4D4A /* Color.xcassets */; };
		1429FF2C26C7784B002E2CDD /* TableFooterView.swift in Sources */ = {isa = PBXBuildFile; fileRef = 1429FF2B26C7784B002E2CDD /* TableFooterView.swift */; };
		1429FF3326C782B3002E2CDD /* TableFooterView.xib in Resources */ = {isa = PBXBuildFile; fileRef = 1429FF3226C782B3002E2CDD /* TableFooterView.xib */; };
		143029F4267F0F080039B31E /* TableHeaderView.swift in Sources */ = {isa = PBXBuildFile; fileRef = 143029F3267F0F080039B31E /* TableHeaderView.swift */; };
		14386A5D2677A3AD002EDA51 /* InputViewController.swift in Sources */ = {isa = PBXBuildFile; fileRef = 14386A5C2677A3AD002EDA51 /* InputViewController.swift */; };
		143C65F326762C56008856A2 /* Models.swift in Sources */ = {isa = PBXBuildFile; fileRef = 143C65F226762C56008856A2 /* Models.swift */; };
		144961F326A41DA9004F2342 /* CustomLabel.swift in Sources */ = {isa = PBXBuildFile; fileRef = 144961F226A41DA9004F2342 /* CustomLabel.swift */; };
		145704C8268F350300213945 /* Alert.storyboard in Resources */ = {isa = PBXBuildFile; fileRef = 145704C7268F350300213945 /* Alert.storyboard */; };
		145704CD268F351000213945 /* AlertViewController.swift in Sources */ = {isa = PBXBuildFile; fileRef = 145704CC268F351000213945 /* AlertViewController.swift */; };
		145704E8269143E600213945 /* UITextField+Addition.swift in Sources */ = {isa = PBXBuildFile; fileRef = 145704E7269143E600213945 /* UITextField+Addition.swift */; };
		145704F2269156B800213945 /* SettingViewController.swift in Sources */ = {isa = PBXBuildFile; fileRef = 145704F0269156B800213945 /* SettingViewController.swift */; };
		145704F3269156B800213945 /* SettingViewController.xib in Resources */ = {isa = PBXBuildFile; fileRef = 145704F1269156B800213945 /* SettingViewController.xib */; };
		1457051B2691586B00213945 /* SetSavingAmountViewController.xib in Resources */ = {isa = PBXBuildFile; fileRef = 1457051A2691586B00213945 /* SetSavingAmountViewController.xib */; };
		1464326B2688688E00163864 /* NSPredicate+Initializers.swift in Sources */ = {isa = PBXBuildFile; fileRef = 146432682688688E00163864 /* NSPredicate+Initializers.swift */; };
		1464326C2688688E00163864 /* Date+Addition.swift in Sources */ = {isa = PBXBuildFile; fileRef = 146432692688688E00163864 /* Date+Addition.swift */; };
		1464326D2688688E00163864 /* ViewController+TableViewDelegate.swift in Sources */ = {isa = PBXBuildFile; fileRef = 1464326A2688688E00163864 /* ViewController+TableViewDelegate.swift */; };
		14643298268868CC00163864 /* ItemCell.xib in Resources */ = {isa = PBXBuildFile; fileRef = 14643296268868CC00163864 /* ItemCell.xib */; };
		14643299268868CC00163864 /* ItemCell.swift in Sources */ = {isa = PBXBuildFile; fileRef = 14643297268868CC00163864 /* ItemCell.swift */; };
		146432C92688793B00163864 /* CustomButton.swift in Sources */ = {isa = PBXBuildFile; fileRef = 146432C82688793B00163864 /* CustomButton.swift */; };
		1466A31E269490060093FC7D /* GlobalVar.swift in Sources */ = {isa = PBXBuildFile; fileRef = 1466A31D269490060093FC7D /* GlobalVar.swift */; };
		1466A32626949AC80093FC7D /* Amount.swift in Sources */ = {isa = PBXBuildFile; fileRef = 1466A32526949AC80093FC7D /* Amount.swift */; };
		14708FF72697261400D43ACB /* Constants.swift in Sources */ = {isa = PBXBuildFile; fileRef = 14708FF62697261400D43ACB /* Constants.swift */; };
		14708FFC2697275000D43ACB /* UserDefaults+Addition.swift in Sources */ = {isa = PBXBuildFile; fileRef = 14708FFB2697275000D43ACB /* UserDefaults+Addition.swift */; };
		14A05F34268A180A00431FE7 /* SetSavingAmountViewController.swift in Sources */ = {isa = PBXBuildFile; fileRef = 14A05F33268A180A00431FE7 /* SetSavingAmountViewController.swift */; };
		14CF498626B834EF0056B44E /* EditView.swift in Sources */ = {isa = PBXBuildFile; fileRef = 14CF498526B834EF0056B44E /* EditView.swift */; };
		14CF498B26B835030056B44E /* EditView.xib in Resources */ = {isa = PBXBuildFile; fileRef = 14CF498A26B835030056B44E /* EditView.xib */; };
		14E5FA24268603EB0052A92E /* Keyboard.swift in Sources */ = {isa = PBXBuildFile; fileRef = 14E5FA23268603EB0052A92E /* Keyboard.swift */; };
		14EB88E926836F91009A93EE /* FirstView.swift in Sources */ = {isa = PBXBuildFile; fileRef = 14EB88E826836F91009A93EE /* FirstView.swift */; };
		295C10C9EE1CA18460A7E549 /* Pods_WeeklyKakeibo_WeeklyKakeiboUITests.framework in Frameworks */ = {isa = PBXBuildFile; fileRef = E13285BDFED5C78FB66CA20F /* Pods_WeeklyKakeibo_WeeklyKakeiboUITests.framework */; };
		54A2DDDC8337ABF9B95EEE3D /* Pods_WeeklyKakeibo.framework in Frameworks */ = {isa = PBXBuildFile; fileRef = CF7D77289183BE4FA149367F /* Pods_WeeklyKakeibo.framework */; };
		575EF5789DEF23CFEFCA9EB7 /* Pods_WeeklyKakeiboTests.framework in Frameworks */ = {isa = PBXBuildFile; fileRef = 9487BF9DB6044FCC0DD6B5E5 /* Pods_WeeklyKakeiboTests.framework */; };
/* End PBXBuildFile section */

/* Begin PBXContainerItemProxy section */
		1424CBA4266F99AB00B90411 /* PBXContainerItemProxy */ = {
			isa = PBXContainerItemProxy;
			containerPortal = 1424CB85266F99AB00B90411 /* Project object */;
			proxyType = 1;
			remoteGlobalIDString = 1424CB8C266F99AB00B90411;
			remoteInfo = WeeklyKakeibo;
		};
		1424CBAF266F99AB00B90411 /* PBXContainerItemProxy */ = {
			isa = PBXContainerItemProxy;
			containerPortal = 1424CB85266F99AB00B90411 /* Project object */;
			proxyType = 1;
			remoteGlobalIDString = 1424CB8C266F99AB00B90411;
			remoteInfo = WeeklyKakeibo;
		};
/* End PBXContainerItemProxy section */

/* Begin PBXFileReference section */
		140B6F1226AAE50C0084D65D /* InputViewModel.swift */ = {isa = PBXFileReference; fileEncoding = 4; lastKnownFileType = sourcecode.swift; path = InputViewModel.swift; sourceTree = "<group>"; };
		140B6F1F26AD55140084D65D /* TableHeaderView.xib */ = {isa = PBXFileReference; lastKnownFileType = file.xib; path = TableHeaderView.xib; sourceTree = "<group>"; };
		140B6F2426AD5B5B0084D65D /* KakeiboListViewModel.swift */ = {isa = PBXFileReference; lastKnownFileType = sourcecode.swift; path = KakeiboListViewModel.swift; sourceTree = "<group>"; };
		1423CF3826B96E0D00C40117 /* CustomTextField.swift */ = {isa = PBXFileReference; lastKnownFileType = sourcecode.swift; path = CustomTextField.swift; sourceTree = "<group>"; };
		1424CB8D266F99AB00B90411 /* WeeklyKakeibo.app */ = {isa = PBXFileReference; explicitFileType = wrapper.application; includeInIndex = 0; path = WeeklyKakeibo.app; sourceTree = BUILT_PRODUCTS_DIR; };
		1424CB90266F99AB00B90411 /* AppDelegate.swift */ = {isa = PBXFileReference; lastKnownFileType = sourcecode.swift; path = AppDelegate.swift; sourceTree = "<group>"; };
		1424CB92266F99AB00B90411 /* SceneDelegate.swift */ = {isa = PBXFileReference; lastKnownFileType = sourcecode.swift; path = SceneDelegate.swift; sourceTree = "<group>"; };
		1424CB94266F99AB00B90411 /* KakeiboListViewController.swift */ = {isa = PBXFileReference; lastKnownFileType = sourcecode.swift; path = KakeiboListViewController.swift; sourceTree = "<group>"; };
		1424CB97266F99AB00B90411 /* Base */ = {isa = PBXFileReference; lastKnownFileType = file.storyboard; name = Base; path = Base.lproj/Main.storyboard; sourceTree = "<group>"; };
		1424CB99266F99AB00B90411 /* Assets.xcassets */ = {isa = PBXFileReference; lastKnownFileType = folder.assetcatalog; path = Assets.xcassets; sourceTree = "<group>"; };
		1424CB9C266F99AB00B90411 /* Base */ = {isa = PBXFileReference; lastKnownFileType = file.storyboard; name = Base; path = Base.lproj/LaunchScreen.storyboard; sourceTree = "<group>"; };
		1424CB9E266F99AB00B90411 /* Info.plist */ = {isa = PBXFileReference; lastKnownFileType = text.plist.xml; path = Info.plist; sourceTree = "<group>"; };
		1424CBA3266F99AB00B90411 /* WeeklyKakeiboTests.xctest */ = {isa = PBXFileReference; explicitFileType = wrapper.cfbundle; includeInIndex = 0; path = WeeklyKakeiboTests.xctest; sourceTree = BUILT_PRODUCTS_DIR; };
		1424CBA7266F99AB00B90411 /* WeeklyKakeiboTests.swift */ = {isa = PBXFileReference; lastKnownFileType = sourcecode.swift; path = WeeklyKakeiboTests.swift; sourceTree = "<group>"; };
		1424CBA9266F99AB00B90411 /* Info.plist */ = {isa = PBXFileReference; lastKnownFileType = text.plist.xml; path = Info.plist; sourceTree = "<group>"; };
		1424CBAE266F99AB00B90411 /* WeeklyKakeiboUITests.xctest */ = {isa = PBXFileReference; explicitFileType = wrapper.cfbundle; includeInIndex = 0; path = WeeklyKakeiboUITests.xctest; sourceTree = BUILT_PRODUCTS_DIR; };
		1424CBB2266F99AB00B90411 /* WeeklyKakeiboUITests.swift */ = {isa = PBXFileReference; lastKnownFileType = sourcecode.swift; path = WeeklyKakeiboUITests.swift; sourceTree = "<group>"; };
		1424CBB4266F99AB00B90411 /* Info.plist */ = {isa = PBXFileReference; lastKnownFileType = text.plist.xml; path = Info.plist; sourceTree = "<group>"; };
		1426216426998D02001A4D4A /* GoogleService-Info.plist */ = {isa = PBXFileReference; fileEncoding = 4; lastKnownFileType = text.plist.xml; path = "GoogleService-Info.plist"; sourceTree = "<group>"; };
		1426216F269AF693001A4D4A /* Color.xcassets */ = {isa = PBXFileReference; lastKnownFileType = folder.assetcatalog; path = Color.xcassets; sourceTree = "<group>"; };
		1429FF2B26C7784B002E2CDD /* TableFooterView.swift */ = {isa = PBXFileReference; lastKnownFileType = sourcecode.swift; path = TableFooterView.swift; sourceTree = "<group>"; };
		1429FF3226C782B3002E2CDD /* TableFooterView.xib */ = {isa = PBXFileReference; fileEncoding = 4; lastKnownFileType = file.xib; path = TableFooterView.xib; sourceTree = "<group>"; };
		143029F3267F0F080039B31E /* TableHeaderView.swift */ = {isa = PBXFileReference; lastKnownFileType = sourcecode.swift; path = TableHeaderView.swift; sourceTree = "<group>"; };
		14386A5C2677A3AD002EDA51 /* InputViewController.swift */ = {isa = PBXFileReference; lastKnownFileType = sourcecode.swift; path = InputViewController.swift; sourceTree = "<group>"; };
		143C65F226762C56008856A2 /* Models.swift */ = {isa = PBXFileReference; lastKnownFileType = sourcecode.swift; path = Models.swift; sourceTree = "<group>"; };
		144961F226A41DA9004F2342 /* CustomLabel.swift */ = {isa = PBXFileReference; lastKnownFileType = sourcecode.swift; path = CustomLabel.swift; sourceTree = "<group>"; };
		145704C7268F350300213945 /* Alert.storyboard */ = {isa = PBXFileReference; lastKnownFileType = file.storyboard; path = Alert.storyboard; sourceTree = "<group>"; };
		145704CC268F351000213945 /* AlertViewController.swift */ = {isa = PBXFileReference; lastKnownFileType = sourcecode.swift; path = AlertViewController.swift; sourceTree = "<group>"; };
		145704E7269143E600213945 /* UITextField+Addition.swift */ = {isa = PBXFileReference; lastKnownFileType = sourcecode.swift; path = "UITextField+Addition.swift"; sourceTree = "<group>"; };
		145704F0269156B800213945 /* SettingViewController.swift */ = {isa = PBXFileReference; lastKnownFileType = sourcecode.swift; path = SettingViewController.swift; sourceTree = "<group>"; };
		145704F1269156B800213945 /* SettingViewController.xib */ = {isa = PBXFileReference; lastKnownFileType = file.xib; path = SettingViewController.xib; sourceTree = "<group>"; };
		1457051A2691586B00213945 /* SetSavingAmountViewController.xib */ = {isa = PBXFileReference; fileEncoding = 4; lastKnownFileType = file.xib; path = SetSavingAmountViewController.xib; sourceTree = "<group>"; };
		146432682688688E00163864 /* NSPredicate+Initializers.swift */ = {isa = PBXFileReference; lastKnownFileType = sourcecode.swift; path = "NSPredicate+Initializers.swift"; sourceTree = "<group>"; };
		146432692688688E00163864 /* Date+Addition.swift */ = {isa = PBXFileReference; lastKnownFileType = sourcecode.swift; path = "Date+Addition.swift"; sourceTree = "<group>"; };
		1464326A2688688E00163864 /* ViewController+TableViewDelegate.swift */ = {isa = PBXFileReference; lastKnownFileType = sourcecode.swift; path = "ViewController+TableViewDelegate.swift"; sourceTree = "<group>"; };
		14643296268868CC00163864 /* ItemCell.xib */ = {isa = PBXFileReference; fileEncoding = 4; lastKnownFileType = file.xib; path = ItemCell.xib; sourceTree = "<group>"; };
		14643297268868CC00163864 /* ItemCell.swift */ = {isa = PBXFileReference; fileEncoding = 4; lastKnownFileType = sourcecode.swift; path = ItemCell.swift; sourceTree = "<group>"; };
		146432C82688793B00163864 /* CustomButton.swift */ = {isa = PBXFileReference; lastKnownFileType = sourcecode.swift; path = CustomButton.swift; sourceTree = "<group>"; };
		1466A31D269490060093FC7D /* GlobalVar.swift */ = {isa = PBXFileReference; lastKnownFileType = sourcecode.swift; path = GlobalVar.swift; sourceTree = "<group>"; };
		1466A32526949AC80093FC7D /* Amount.swift */ = {isa = PBXFileReference; fileEncoding = 4; lastKnownFileType = sourcecode.swift; path = Amount.swift; sourceTree = "<group>"; };
		14708FF62697261400D43ACB /* Constants.swift */ = {isa = PBXFileReference; lastKnownFileType = sourcecode.swift; path = Constants.swift; sourceTree = "<group>"; };
		14708FFB2697275000D43ACB /* UserDefaults+Addition.swift */ = {isa = PBXFileReference; lastKnownFileType = sourcecode.swift; path = "UserDefaults+Addition.swift"; sourceTree = "<group>"; };
		14A05F33268A180A00431FE7 /* SetSavingAmountViewController.swift */ = {isa = PBXFileReference; lastKnownFileType = sourcecode.swift; path = SetSavingAmountViewController.swift; sourceTree = "<group>"; };
		14CF498526B834EF0056B44E /* EditView.swift */ = {isa = PBXFileReference; lastKnownFileType = sourcecode.swift; path = EditView.swift; sourceTree = "<group>"; };
		14CF498A26B835030056B44E /* EditView.xib */ = {isa = PBXFileReference; lastKnownFileType = file.xib; path = EditView.xib; sourceTree = "<group>"; };
		14E5FA23268603EB0052A92E /* Keyboard.swift */ = {isa = PBXFileReference; lastKnownFileType = sourcecode.swift; path = Keyboard.swift; sourceTree = "<group>"; };
		14EB88E826836F91009A93EE /* FirstView.swift */ = {isa = PBXFileReference; lastKnownFileType = sourcecode.swift; path = FirstView.swift; sourceTree = "<group>"; };
		25FBED0D05EE882E45632900 /* Pods-WeeklyKakeibo.debug.xcconfig */ = {isa = PBXFileReference; includeInIndex = 1; lastKnownFileType = text.xcconfig; name = "Pods-WeeklyKakeibo.debug.xcconfig"; path = "Target Support Files/Pods-WeeklyKakeibo/Pods-WeeklyKakeibo.debug.xcconfig"; sourceTree = "<group>"; };
		494AEB47A368F50A699F13AC /* Pods-WeeklyKakeiboTests.release.xcconfig */ = {isa = PBXFileReference; includeInIndex = 1; lastKnownFileType = text.xcconfig; name = "Pods-WeeklyKakeiboTests.release.xcconfig"; path = "Target Support Files/Pods-WeeklyKakeiboTests/Pods-WeeklyKakeiboTests.release.xcconfig"; sourceTree = "<group>"; };
		9487BF9DB6044FCC0DD6B5E5 /* Pods_WeeklyKakeiboTests.framework */ = {isa = PBXFileReference; explicitFileType = wrapper.framework; includeInIndex = 0; path = Pods_WeeklyKakeiboTests.framework; sourceTree = BUILT_PRODUCTS_DIR; };
		96E9A92AAB44B535E2DC6C8B /* Pods-WeeklyKakeibo-WeeklyKakeiboUITests.debug.xcconfig */ = {isa = PBXFileReference; includeInIndex = 1; lastKnownFileType = text.xcconfig; name = "Pods-WeeklyKakeibo-WeeklyKakeiboUITests.debug.xcconfig"; path = "Target Support Files/Pods-WeeklyKakeibo-WeeklyKakeiboUITests/Pods-WeeklyKakeibo-WeeklyKakeiboUITests.debug.xcconfig"; sourceTree = "<group>"; };
		9D289FD2B975019E5B5778F9 /* Pods-WeeklyKakeiboTests.debug.xcconfig */ = {isa = PBXFileReference; includeInIndex = 1; lastKnownFileType = text.xcconfig; name = "Pods-WeeklyKakeiboTests.debug.xcconfig"; path = "Target Support Files/Pods-WeeklyKakeiboTests/Pods-WeeklyKakeiboTests.debug.xcconfig"; sourceTree = "<group>"; };
		CF7D77289183BE4FA149367F /* Pods_WeeklyKakeibo.framework */ = {isa = PBXFileReference; explicitFileType = wrapper.framework; includeInIndex = 0; path = Pods_WeeklyKakeibo.framework; sourceTree = BUILT_PRODUCTS_DIR; };
		E13285BDFED5C78FB66CA20F /* Pods_WeeklyKakeibo_WeeklyKakeiboUITests.framework */ = {isa = PBXFileReference; explicitFileType = wrapper.framework; includeInIndex = 0; path = Pods_WeeklyKakeibo_WeeklyKakeiboUITests.framework; sourceTree = BUILT_PRODUCTS_DIR; };
		E43A439173C4A2427AF493B4 /* Pods-WeeklyKakeibo-WeeklyKakeiboUITests.release.xcconfig */ = {isa = PBXFileReference; includeInIndex = 1; lastKnownFileType = text.xcconfig; name = "Pods-WeeklyKakeibo-WeeklyKakeiboUITests.release.xcconfig"; path = "Target Support Files/Pods-WeeklyKakeibo-WeeklyKakeiboUITests/Pods-WeeklyKakeibo-WeeklyKakeiboUITests.release.xcconfig"; sourceTree = "<group>"; };
		F15FFE07C51A528697A86290 /* Pods-WeeklyKakeibo.release.xcconfig */ = {isa = PBXFileReference; includeInIndex = 1; lastKnownFileType = text.xcconfig; name = "Pods-WeeklyKakeibo.release.xcconfig"; path = "Target Support Files/Pods-WeeklyKakeibo/Pods-WeeklyKakeibo.release.xcconfig"; sourceTree = "<group>"; };
/* End PBXFileReference section */

/* Begin PBXFrameworksBuildPhase section */
		1424CB8A266F99AB00B90411 /* Frameworks */ = {
			isa = PBXFrameworksBuildPhase;
			buildActionMask = 2147483647;
			files = (
				54A2DDDC8337ABF9B95EEE3D /* Pods_WeeklyKakeibo.framework in Frameworks */,
			);
			runOnlyForDeploymentPostprocessing = 0;
		};
		1424CBA0266F99AB00B90411 /* Frameworks */ = {
			isa = PBXFrameworksBuildPhase;
			buildActionMask = 2147483647;
			files = (
				575EF5789DEF23CFEFCA9EB7 /* Pods_WeeklyKakeiboTests.framework in Frameworks */,
			);
			runOnlyForDeploymentPostprocessing = 0;
		};
		1424CBAB266F99AB00B90411 /* Frameworks */ = {
			isa = PBXFrameworksBuildPhase;
			buildActionMask = 2147483647;
			files = (
				295C10C9EE1CA18460A7E549 /* Pods_WeeklyKakeibo_WeeklyKakeiboUITests.framework in Frameworks */,
			);
			runOnlyForDeploymentPostprocessing = 0;
		};
/* End PBXFrameworksBuildPhase section */

/* Begin PBXGroup section */
		0D69AD9DE75859EE496252E7 /* Pods */ = {
			isa = PBXGroup;
			children = (
				25FBED0D05EE882E45632900 /* Pods-WeeklyKakeibo.debug.xcconfig */,
				F15FFE07C51A528697A86290 /* Pods-WeeklyKakeibo.release.xcconfig */,
				96E9A92AAB44B535E2DC6C8B /* Pods-WeeklyKakeibo-WeeklyKakeiboUITests.debug.xcconfig */,
				E43A439173C4A2427AF493B4 /* Pods-WeeklyKakeibo-WeeklyKakeiboUITests.release.xcconfig */,
				9D289FD2B975019E5B5778F9 /* Pods-WeeklyKakeiboTests.debug.xcconfig */,
				494AEB47A368F50A699F13AC /* Pods-WeeklyKakeiboTests.release.xcconfig */,
			);
			path = Pods;
			sourceTree = "<group>";
		};
		1424CB84266F99AB00B90411 = {
			isa = PBXGroup;
			children = (
				1426216426998D02001A4D4A /* GoogleService-Info.plist */,
				1424CB8F266F99AB00B90411 /* WeeklyKakeibo */,
				1424CBA6266F99AB00B90411 /* WeeklyKakeiboTests */,
				1424CBB1266F99AB00B90411 /* WeeklyKakeiboUITests */,
				1424CB8E266F99AB00B90411 /* Products */,
				0D69AD9DE75859EE496252E7 /* Pods */,
				C2A7CE3E7E76B9464196700C /* Frameworks */,
			);
			sourceTree = "<group>";
		};
		1424CB8E266F99AB00B90411 /* Products */ = {
			isa = PBXGroup;
			children = (
				1424CB8D266F99AB00B90411 /* WeeklyKakeibo.app */,
				1424CBA3266F99AB00B90411 /* WeeklyKakeiboTests.xctest */,
				1424CBAE266F99AB00B90411 /* WeeklyKakeiboUITests.xctest */,
			);
			name = Products;
			sourceTree = "<group>";
		};
		1424CB8F266F99AB00B90411 /* WeeklyKakeibo */ = {
			isa = PBXGroup;
			children = (
				1424CB90266F99AB00B90411 /* AppDelegate.swift */,
				1424CB92266F99AB00B90411 /* SceneDelegate.swift */,
				14708FF62697261400D43ACB /* Constants.swift */,
				1424CB96266F99AB00B90411 /* Main.storyboard */,
				1466A31D269490060093FC7D /* GlobalVar.swift */,
				146432842688689E00163864 /* Extension */,
				146432A026886A4C00163864 /* Model */,
				145704FB269156DD00213945 /* CustomView */,
				144961EE26A3FE1A004F2342 /* KakeiboListView */,
				146432592688674C00163864 /* InputView */,
				14CF497B26B8329C0056B44E /* EditView */,
				1429FF2826C77596002E2CDD /* TableHeaderView */,
				1429FF2D26C7784F002E2CDD /* TableFooterView */,
				145705002691573800213945 /* SetSavingAmountViewController */,
				145704FA269156C000213945 /* SettingViewController */,
				145704EC2691568100213945 /* AlertViewController */,
				14643295268868CC00163864 /* ItemCell */,
				1424CB99266F99AB00B90411 /* Assets.xcassets */,
				1426216F269AF693001A4D4A /* Color.xcassets */,
				1424CB9B266F99AB00B90411 /* LaunchScreen.storyboard */,
				1424CB9E266F99AB00B90411 /* Info.plist */,
			);
			path = WeeklyKakeibo;
			sourceTree = "<group>";
		};
		1424CBA6266F99AB00B90411 /* WeeklyKakeiboTests */ = {
			isa = PBXGroup;
			children = (
				1424CBA7266F99AB00B90411 /* WeeklyKakeiboTests.swift */,
				1424CBA9266F99AB00B90411 /* Info.plist */,
			);
			path = WeeklyKakeiboTests;
			sourceTree = "<group>";
		};
		1424CBB1266F99AB00B90411 /* WeeklyKakeiboUITests */ = {
			isa = PBXGroup;
			children = (
				1424CBB2266F99AB00B90411 /* WeeklyKakeiboUITests.swift */,
				1424CBB4266F99AB00B90411 /* Info.plist */,
			);
			path = WeeklyKakeiboUITests;
			sourceTree = "<group>";
		};
		1429FF2826C77596002E2CDD /* TableHeaderView */ = {
			isa = PBXGroup;
			children = (
				143029F3267F0F080039B31E /* TableHeaderView.swift */,
				140B6F1F26AD55140084D65D /* TableHeaderView.xib */,
			);
			path = TableHeaderView;
			sourceTree = "<group>";
		};
		1429FF2D26C7784F002E2CDD /* TableFooterView */ = {
			isa = PBXGroup;
			children = (
				1429FF2B26C7784B002E2CDD /* TableFooterView.swift */,
				1429FF3226C782B3002E2CDD /* TableFooterView.xib */,
			);
			path = TableFooterView;
			sourceTree = "<group>";
		};
		144961EE26A3FE1A004F2342 /* KakeiboListView */ = {
			isa = PBXGroup;
			children = (
				1424CB94266F99AB00B90411 /* KakeiboListViewController.swift */,
				140B6F2426AD5B5B0084D65D /* KakeiboListViewModel.swift */,
			);
			path = KakeiboListView;
			sourceTree = "<group>";
		};
		145704EC2691568100213945 /* AlertViewController */ = {
			isa = PBXGroup;
			children = (
				145704CC268F351000213945 /* AlertViewController.swift */,
				145704C7268F350300213945 /* Alert.storyboard */,
			);
			path = AlertViewController;
			sourceTree = "<group>";
		};
		145704FA269156C000213945 /* SettingViewController */ = {
			isa = PBXGroup;
			children = (
				145704F0269156B800213945 /* SettingViewController.swift */,
				145704F1269156B800213945 /* SettingViewController.xib */,
			);
			path = SettingViewController;
			sourceTree = "<group>";
		};
		145704FB269156DD00213945 /* CustomView */ = {
			isa = PBXGroup;
			children = (
				14E5FA23268603EB0052A92E /* Keyboard.swift */,
				146432C82688793B00163864 /* CustomButton.swift */,
				144961F226A41DA9004F2342 /* CustomLabel.swift */,
				1423CF3826B96E0D00C40117 /* CustomTextField.swift */,
				14EB88E826836F91009A93EE /* FirstView.swift */,
			);
			path = CustomView;
			sourceTree = "<group>";
		};
		145705002691573800213945 /* SetSavingAmountViewController */ = {
			isa = PBXGroup;
			children = (
				14A05F33268A180A00431FE7 /* SetSavingAmountViewController.swift */,
				1457051A2691586B00213945 /* SetSavingAmountViewController.xib */,
			);
			path = SetSavingAmountViewController;
			sourceTree = "<group>";
		};
		146432592688674C00163864 /* InputView */ = {
			isa = PBXGroup;
			children = (
				14386A5C2677A3AD002EDA51 /* InputViewController.swift */,
				140B6F1226AAE50C0084D65D /* InputViewModel.swift */,
			);
			path = InputView;
			sourceTree = "<group>";
		};
		146432842688689E00163864 /* Extension */ = {
			isa = PBXGroup;
			children = (
				146432692688688E00163864 /* Date+Addition.swift */,
				14708FFB2697275000D43ACB /* UserDefaults+Addition.swift */,
				145704E7269143E600213945 /* UITextField+Addition.swift */,
				146432682688688E00163864 /* NSPredicate+Initializers.swift */,
				1464326A2688688E00163864 /* ViewController+TableViewDelegate.swift */,
			);
			path = Extension;
			sourceTree = "<group>";
		};
		14643295268868CC00163864 /* ItemCell */ = {
			isa = PBXGroup;
			children = (
				14643296268868CC00163864 /* ItemCell.xib */,
				14643297268868CC00163864 /* ItemCell.swift */,
			);
			path = ItemCell;
			sourceTree = "<group>";
		};
		146432A026886A4C00163864 /* Model */ = {
			isa = PBXGroup;
			children = (
				143C65F226762C56008856A2 /* Models.swift */,
				1466A32526949AC80093FC7D /* Amount.swift */,
			);
			path = Model;
			sourceTree = "<group>";
		};
		14CF497B26B8329C0056B44E /* EditView */ = {
			isa = PBXGroup;
			children = (
				14CF498526B834EF0056B44E /* EditView.swift */,
				14CF498A26B835030056B44E /* EditView.xib */,
			);
			path = EditView;
			sourceTree = "<group>";
		};
		C2A7CE3E7E76B9464196700C /* Frameworks */ = {
			isa = PBXGroup;
			children = (
				CF7D77289183BE4FA149367F /* Pods_WeeklyKakeibo.framework */,
				E13285BDFED5C78FB66CA20F /* Pods_WeeklyKakeibo_WeeklyKakeiboUITests.framework */,
				9487BF9DB6044FCC0DD6B5E5 /* Pods_WeeklyKakeiboTests.framework */,
			);
			name = Frameworks;
			sourceTree = "<group>";
		};
/* End PBXGroup section */

/* Begin PBXNativeTarget section */
		1424CB8C266F99AB00B90411 /* WeeklyKakeibo */ = {
			isa = PBXNativeTarget;
			buildConfigurationList = 1424CBB7266F99AB00B90411 /* Build configuration list for PBXNativeTarget "WeeklyKakeibo" */;
			buildPhases = (
				341A538D13762FAB151CCE6A /* [CP] Check Pods Manifest.lock */,
				1424CB89266F99AB00B90411 /* Sources */,
				1424CB8A266F99AB00B90411 /* Frameworks */,
				1424CB8B266F99AB00B90411 /* Resources */,
				B15CDE88188FA1CFAB204C5F /* [CP] Embed Pods Frameworks */,
				145A2021268223CC009A585B /* Crashlytics */,
			);
			buildRules = (
			);
			dependencies = (
			);
			name = WeeklyKakeibo;
			productName = WeeklyKakeibo;
			productReference = 1424CB8D266F99AB00B90411 /* WeeklyKakeibo.app */;
			productType = "com.apple.product-type.application";
		};
		1424CBA2266F99AB00B90411 /* WeeklyKakeiboTests */ = {
			isa = PBXNativeTarget;
			buildConfigurationList = 1424CBBA266F99AB00B90411 /* Build configuration list for PBXNativeTarget "WeeklyKakeiboTests" */;
			buildPhases = (
				EF7CE9CA828E43B4F385F61B /* [CP] Check Pods Manifest.lock */,
				1424CB9F266F99AB00B90411 /* Sources */,
				1424CBA0266F99AB00B90411 /* Frameworks */,
				1424CBA1266F99AB00B90411 /* Resources */,
			);
			buildRules = (
			);
			dependencies = (
				1424CBA5266F99AB00B90411 /* PBXTargetDependency */,
			);
			name = WeeklyKakeiboTests;
			productName = WeeklyKakeiboTests;
			productReference = 1424CBA3266F99AB00B90411 /* WeeklyKakeiboTests.xctest */;
			productType = "com.apple.product-type.bundle.unit-test";
		};
		1424CBAD266F99AB00B90411 /* WeeklyKakeiboUITests */ = {
			isa = PBXNativeTarget;
			buildConfigurationList = 1424CBBD266F99AB00B90411 /* Build configuration list for PBXNativeTarget "WeeklyKakeiboUITests" */;
			buildPhases = (
				3F42CC75CDCFE1E73758115A /* [CP] Check Pods Manifest.lock */,
				1424CBAA266F99AB00B90411 /* Sources */,
				1424CBAB266F99AB00B90411 /* Frameworks */,
				1424CBAC266F99AB00B90411 /* Resources */,
				2A180CF4F591E9BAD62C1003 /* [CP] Embed Pods Frameworks */,
			);
			buildRules = (
			);
			dependencies = (
				1424CBB0266F99AB00B90411 /* PBXTargetDependency */,
			);
			name = WeeklyKakeiboUITests;
			productName = WeeklyKakeiboUITests;
			productReference = 1424CBAE266F99AB00B90411 /* WeeklyKakeiboUITests.xctest */;
			productType = "com.apple.product-type.bundle.ui-testing";
		};
/* End PBXNativeTarget section */

/* Begin PBXProject section */
		1424CB85266F99AB00B90411 /* Project object */ = {
			isa = PBXProject;
			attributes = {
				LastSwiftUpdateCheck = 1240;
				LastUpgradeCheck = 1240;
				TargetAttributes = {
					1424CB8C266F99AB00B90411 = {
						CreatedOnToolsVersion = 12.4;
					};
					1424CBA2266F99AB00B90411 = {
						CreatedOnToolsVersion = 12.4;
						TestTargetID = 1424CB8C266F99AB00B90411;
					};
					1424CBAD266F99AB00B90411 = {
						CreatedOnToolsVersion = 12.4;
						TestTargetID = 1424CB8C266F99AB00B90411;
					};
				};
			};
			buildConfigurationList = 1424CB88266F99AB00B90411 /* Build configuration list for PBXProject "WeeklyKakeibo" */;
			compatibilityVersion = "Xcode 9.3";
			developmentRegion = en;
			hasScannedForEncodings = 0;
			knownRegions = (
				en,
				Base,
				ja,
			);
			mainGroup = 1424CB84266F99AB00B90411;
			productRefGroup = 1424CB8E266F99AB00B90411 /* Products */;
			projectDirPath = "";
			projectRoot = "";
			targets = (
				1424CB8C266F99AB00B90411 /* WeeklyKakeibo */,
				1424CBA2266F99AB00B90411 /* WeeklyKakeiboTests */,
				1424CBAD266F99AB00B90411 /* WeeklyKakeiboUITests */,
			);
		};
/* End PBXProject section */

/* Begin PBXResourcesBuildPhase section */
		1424CB8B266F99AB00B90411 /* Resources */ = {
			isa = PBXResourcesBuildPhase;
			buildActionMask = 2147483647;
			files = (
				1424CB9D266F99AB00B90411 /* LaunchScreen.storyboard in Resources */,
				1426216526998D02001A4D4A /* GoogleService-Info.plist in Resources */,
				14643298268868CC00163864 /* ItemCell.xib in Resources */,
				1457051B2691586B00213945 /* SetSavingAmountViewController.xib in Resources */,
				1424CB9A266F99AB00B90411 /* Assets.xcassets in Resources */,
				145704C8268F350300213945 /* Alert.storyboard in Resources */,
				14CF498B26B835030056B44E /* EditView.xib in Resources */,
				1424CB98266F99AB00B90411 /* Main.storyboard in Resources */,
				145704F3269156B800213945 /* SettingViewController.xib in Resources */,
				140B6F2026AD55140084D65D /* TableHeaderView.xib in Resources */,
				1429FF3326C782B3002E2CDD /* TableFooterView.xib in Resources */,
				14262170269AF693001A4D4A /* Color.xcassets in Resources */,
			);
			runOnlyForDeploymentPostprocessing = 0;
		};
		1424CBA1266F99AB00B90411 /* Resources */ = {
			isa = PBXResourcesBuildPhase;
			buildActionMask = 2147483647;
			files = (
			);
			runOnlyForDeploymentPostprocessing = 0;
		};
		1424CBAC266F99AB00B90411 /* Resources */ = {
			isa = PBXResourcesBuildPhase;
			buildActionMask = 2147483647;
			files = (
			);
			runOnlyForDeploymentPostprocessing = 0;
		};
/* End PBXResourcesBuildPhase section */

/* Begin PBXShellScriptBuildPhase section */
		145A2021268223CC009A585B /* Crashlytics */ = {
			isa = PBXShellScriptBuildPhase;
			buildActionMask = 2147483647;
			files = (
			);
			inputFileListPaths = (
			);
			inputPaths = (
				"$(SRCROOT)/$(BUILT_PRODUCTS_DIR)/$(INFOPLIST_PATH)",
			);
			name = Crashlytics;
			outputFileListPaths = (
			);
			outputPaths = (
			);
			runOnlyForDeploymentPostprocessing = 0;
			shellPath = /bin/sh;
			shellScript = "# Type a script or drag a script file from your workspace to insert its path.\n\"${PODS_ROOT}/FirebaseCrashlytics/run\"\n";
		};
		2A180CF4F591E9BAD62C1003 /* [CP] Embed Pods Frameworks */ = {
			isa = PBXShellScriptBuildPhase;
			buildActionMask = 2147483647;
			files = (
			);
			inputFileListPaths = (
				"${PODS_ROOT}/Target Support Files/Pods-WeeklyKakeibo-WeeklyKakeiboUITests/Pods-WeeklyKakeibo-WeeklyKakeiboUITests-frameworks-${CONFIGURATION}-input-files.xcfilelist",
			);
			name = "[CP] Embed Pods Frameworks";
			outputFileListPaths = (
				"${PODS_ROOT}/Target Support Files/Pods-WeeklyKakeibo-WeeklyKakeiboUITests/Pods-WeeklyKakeibo-WeeklyKakeiboUITests-frameworks-${CONFIGURATION}-output-files.xcfilelist",
			);
			runOnlyForDeploymentPostprocessing = 0;
			shellPath = /bin/sh;
			shellScript = "\"${PODS_ROOT}/Target Support Files/Pods-WeeklyKakeibo-WeeklyKakeiboUITests/Pods-WeeklyKakeibo-WeeklyKakeiboUITests-frameworks.sh\"\n";
			showEnvVarsInLog = 0;
		};
		341A538D13762FAB151CCE6A /* [CP] Check Pods Manifest.lock */ = {
			isa = PBXShellScriptBuildPhase;
			buildActionMask = 2147483647;
			files = (
			);
			inputFileListPaths = (
			);
			inputPaths = (
				"${PODS_PODFILE_DIR_PATH}/Podfile.lock",
				"${PODS_ROOT}/Manifest.lock",
			);
			name = "[CP] Check Pods Manifest.lock";
			outputFileListPaths = (
			);
			outputPaths = (
				"$(DERIVED_FILE_DIR)/Pods-WeeklyKakeibo-checkManifestLockResult.txt",
			);
			runOnlyForDeploymentPostprocessing = 0;
			shellPath = /bin/sh;
			shellScript = "diff \"${PODS_PODFILE_DIR_PATH}/Podfile.lock\" \"${PODS_ROOT}/Manifest.lock\" > /dev/null\nif [ $? != 0 ] ; then\n    # print error to STDERR\n    echo \"error: The sandbox is not in sync with the Podfile.lock. Run 'pod install' or update your CocoaPods installation.\" >&2\n    exit 1\nfi\n# This output is used by Xcode 'outputs' to avoid re-running this script phase.\necho \"SUCCESS\" > \"${SCRIPT_OUTPUT_FILE_0}\"\n";
			showEnvVarsInLog = 0;
		};
		3F42CC75CDCFE1E73758115A /* [CP] Check Pods Manifest.lock */ = {
			isa = PBXShellScriptBuildPhase;
			buildActionMask = 2147483647;
			files = (
			);
			inputFileListPaths = (
			);
			inputPaths = (
				"${PODS_PODFILE_DIR_PATH}/Podfile.lock",
				"${PODS_ROOT}/Manifest.lock",
			);
			name = "[CP] Check Pods Manifest.lock";
			outputFileListPaths = (
			);
			outputPaths = (
				"$(DERIVED_FILE_DIR)/Pods-WeeklyKakeibo-WeeklyKakeiboUITests-checkManifestLockResult.txt",
			);
			runOnlyForDeploymentPostprocessing = 0;
			shellPath = /bin/sh;
			shellScript = "diff \"${PODS_PODFILE_DIR_PATH}/Podfile.lock\" \"${PODS_ROOT}/Manifest.lock\" > /dev/null\nif [ $? != 0 ] ; then\n    # print error to STDERR\n    echo \"error: The sandbox is not in sync with the Podfile.lock. Run 'pod install' or update your CocoaPods installation.\" >&2\n    exit 1\nfi\n# This output is used by Xcode 'outputs' to avoid re-running this script phase.\necho \"SUCCESS\" > \"${SCRIPT_OUTPUT_FILE_0}\"\n";
			showEnvVarsInLog = 0;
		};
		B15CDE88188FA1CFAB204C5F /* [CP] Embed Pods Frameworks */ = {
			isa = PBXShellScriptBuildPhase;
			buildActionMask = 2147483647;
			files = (
			);
			inputFileListPaths = (
				"${PODS_ROOT}/Target Support Files/Pods-WeeklyKakeibo/Pods-WeeklyKakeibo-frameworks-${CONFIGURATION}-input-files.xcfilelist",
			);
			name = "[CP] Embed Pods Frameworks";
			outputFileListPaths = (
				"${PODS_ROOT}/Target Support Files/Pods-WeeklyKakeibo/Pods-WeeklyKakeibo-frameworks-${CONFIGURATION}-output-files.xcfilelist",
			);
			runOnlyForDeploymentPostprocessing = 0;
			shellPath = /bin/sh;
			shellScript = "\"${PODS_ROOT}/Target Support Files/Pods-WeeklyKakeibo/Pods-WeeklyKakeibo-frameworks.sh\"\n";
			showEnvVarsInLog = 0;
		};
		EF7CE9CA828E43B4F385F61B /* [CP] Check Pods Manifest.lock */ = {
			isa = PBXShellScriptBuildPhase;
			buildActionMask = 2147483647;
			files = (
			);
			inputFileListPaths = (
			);
			inputPaths = (
				"${PODS_PODFILE_DIR_PATH}/Podfile.lock",
				"${PODS_ROOT}/Manifest.lock",
			);
			name = "[CP] Check Pods Manifest.lock";
			outputFileListPaths = (
			);
			outputPaths = (
				"$(DERIVED_FILE_DIR)/Pods-WeeklyKakeiboTests-checkManifestLockResult.txt",
			);
			runOnlyForDeploymentPostprocessing = 0;
			shellPath = /bin/sh;
			shellScript = "diff \"${PODS_PODFILE_DIR_PATH}/Podfile.lock\" \"${PODS_ROOT}/Manifest.lock\" > /dev/null\nif [ $? != 0 ] ; then\n    # print error to STDERR\n    echo \"error: The sandbox is not in sync with the Podfile.lock. Run 'pod install' or update your CocoaPods installation.\" >&2\n    exit 1\nfi\n# This output is used by Xcode 'outputs' to avoid re-running this script phase.\necho \"SUCCESS\" > \"${SCRIPT_OUTPUT_FILE_0}\"\n";
			showEnvVarsInLog = 0;
		};
/* End PBXShellScriptBuildPhase section */

/* Begin PBXSourcesBuildPhase section */
		1424CB89266F99AB00B90411 /* Sources */ = {
			isa = PBXSourcesBuildPhase;
			buildActionMask = 2147483647;
			files = (
				14643299268868CC00163864 /* ItemCell.swift in Sources */,
				14CF498626B834EF0056B44E /* EditView.swift in Sources */,
				1424CB95266F99AB00B90411 /* KakeiboListViewController.swift in Sources */,
				1466A31E269490060093FC7D /* GlobalVar.swift in Sources */,
				1423CF3926B96E0D00C40117 /* CustomTextField.swift in Sources */,
				1466A32626949AC80093FC7D /* Amount.swift in Sources */,
				14386A5D2677A3AD002EDA51 /* InputViewController.swift in Sources */,
				145704E8269143E600213945 /* UITextField+Addition.swift in Sources */,
				143029F4267F0F080039B31E /* TableHeaderView.swift in Sources */,
				1429FF2C26C7784B002E2CDD /* TableFooterView.swift in Sources */,
				145704F2269156B800213945 /* SettingViewController.swift in Sources */,
				14708FFC2697275000D43ACB /* UserDefaults+Addition.swift in Sources */,
				146432C92688793B00163864 /* CustomButton.swift in Sources */,
				1424CB91266F99AB00B90411 /* AppDelegate.swift in Sources */,
				140B6F2526AD5B5B0084D65D /* KakeiboListViewModel.swift in Sources */,
				1424CB93266F99AB00B90411 /* SceneDelegate.swift in Sources */,
				143C65F326762C56008856A2 /* Models.swift in Sources */,
				14E5FA24268603EB0052A92E /* Keyboard.swift in Sources */,
				1464326D2688688E00163864 /* ViewController+TableViewDelegate.swift in Sources */,
				144961F326A41DA9004F2342 /* CustomLabel.swift in Sources */,
				1464326C2688688E00163864 /* Date+Addition.swift in Sources */,
				14708FF72697261400D43ACB /* Constants.swift in Sources */,
				1464326B2688688E00163864 /* NSPredicate+Initializers.swift in Sources */,
				14EB88E926836F91009A93EE /* FirstView.swift in Sources */,
				145704CD268F351000213945 /* AlertViewController.swift in Sources */,
				14A05F34268A180A00431FE7 /* SetSavingAmountViewController.swift in Sources */,
				140B6F1326AAE50C0084D65D /* InputViewModel.swift in Sources */,
			);
			runOnlyForDeploymentPostprocessing = 0;
		};
		1424CB9F266F99AB00B90411 /* Sources */ = {
			isa = PBXSourcesBuildPhase;
			buildActionMask = 2147483647;
			files = (
				1424CBA8266F99AB00B90411 /* WeeklyKakeiboTests.swift in Sources */,
			);
			runOnlyForDeploymentPostprocessing = 0;
		};
		1424CBAA266F99AB00B90411 /* Sources */ = {
			isa = PBXSourcesBuildPhase;
			buildActionMask = 2147483647;
			files = (
				1424CBB3266F99AB00B90411 /* WeeklyKakeiboUITests.swift in Sources */,
			);
			runOnlyForDeploymentPostprocessing = 0;
		};
/* End PBXSourcesBuildPhase section */

/* Begin PBXTargetDependency section */
		1424CBA5266F99AB00B90411 /* PBXTargetDependency */ = {
			isa = PBXTargetDependency;
			target = 1424CB8C266F99AB00B90411 /* WeeklyKakeibo */;
			targetProxy = 1424CBA4266F99AB00B90411 /* PBXContainerItemProxy */;
		};
		1424CBB0266F99AB00B90411 /* PBXTargetDependency */ = {
			isa = PBXTargetDependency;
			target = 1424CB8C266F99AB00B90411 /* WeeklyKakeibo */;
			targetProxy = 1424CBAF266F99AB00B90411 /* PBXContainerItemProxy */;
		};
/* End PBXTargetDependency section */

/* Begin PBXVariantGroup section */
		1424CB96266F99AB00B90411 /* Main.storyboard */ = {
			isa = PBXVariantGroup;
			children = (
				1424CB97266F99AB00B90411 /* Base */,
			);
			name = Main.storyboard;
			sourceTree = "<group>";
		};
		1424CB9B266F99AB00B90411 /* LaunchScreen.storyboard */ = {
			isa = PBXVariantGroup;
			children = (
				1424CB9C266F99AB00B90411 /* Base */,
			);
			name = LaunchScreen.storyboard;
			sourceTree = "<group>";
		};
/* End PBXVariantGroup section */

/* Begin XCBuildConfiguration section */
		1424CBB5266F99AB00B90411 /* Debug */ = {
			isa = XCBuildConfiguration;
			buildSettings = {
				ALWAYS_SEARCH_USER_PATHS = NO;
				CLANG_ANALYZER_LOCALIZABILITY_NONLOCALIZED = YES;
				CLANG_ANALYZER_NONNULL = YES;
				CLANG_ANALYZER_NUMBER_OBJECT_CONVERSION = YES_AGGRESSIVE;
				CLANG_CXX_LANGUAGE_STANDARD = "gnu++14";
				CLANG_CXX_LIBRARY = "libc++";
				CLANG_ENABLE_MODULES = YES;
				CLANG_ENABLE_OBJC_ARC = YES;
				CLANG_ENABLE_OBJC_WEAK = YES;
				CLANG_WARN_BLOCK_CAPTURE_AUTORELEASING = YES;
				CLANG_WARN_BOOL_CONVERSION = YES;
				CLANG_WARN_COMMA = YES;
				CLANG_WARN_CONSTANT_CONVERSION = YES;
				CLANG_WARN_DEPRECATED_OBJC_IMPLEMENTATIONS = YES;
				CLANG_WARN_DIRECT_OBJC_ISA_USAGE = YES_ERROR;
				CLANG_WARN_DOCUMENTATION_COMMENTS = YES;
				CLANG_WARN_EMPTY_BODY = YES;
				CLANG_WARN_ENUM_CONVERSION = YES;
				CLANG_WARN_INFINITE_RECURSION = YES;
				CLANG_WARN_INT_CONVERSION = YES;
				CLANG_WARN_NON_LITERAL_NULL_CONVERSION = YES;
				CLANG_WARN_OBJC_IMPLICIT_RETAIN_SELF = YES;
				CLANG_WARN_OBJC_LITERAL_CONVERSION = YES;
				CLANG_WARN_OBJC_ROOT_CLASS = YES_ERROR;
				CLANG_WARN_QUOTED_INCLUDE_IN_FRAMEWORK_HEADER = YES;
				CLANG_WARN_RANGE_LOOP_ANALYSIS = YES;
				CLANG_WARN_STRICT_PROTOTYPES = YES;
				CLANG_WARN_SUSPICIOUS_MOVE = YES;
				CLANG_WARN_UNGUARDED_AVAILABILITY = YES_AGGRESSIVE;
				CLANG_WARN_UNREACHABLE_CODE = YES;
				CLANG_WARN__DUPLICATE_METHOD_MATCH = YES;
				COPY_PHASE_STRIP = NO;
				DEBUG_INFORMATION_FORMAT = dwarf;
				ENABLE_STRICT_OBJC_MSGSEND = YES;
				ENABLE_TESTABILITY = YES;
				GCC_C_LANGUAGE_STANDARD = gnu11;
				GCC_DYNAMIC_NO_PIC = NO;
				GCC_NO_COMMON_BLOCKS = YES;
				GCC_OPTIMIZATION_LEVEL = 0;
				GCC_PREPROCESSOR_DEFINITIONS = (
					"DEBUG=1",
					"$(inherited)",
				);
				GCC_WARN_64_TO_32_BIT_CONVERSION = YES;
				GCC_WARN_ABOUT_RETURN_TYPE = YES_ERROR;
				GCC_WARN_UNDECLARED_SELECTOR = YES;
				GCC_WARN_UNINITIALIZED_AUTOS = YES_AGGRESSIVE;
				GCC_WARN_UNUSED_FUNCTION = YES;
				GCC_WARN_UNUSED_VARIABLE = YES;
				IPHONEOS_DEPLOYMENT_TARGET = 13.0;
				MTL_ENABLE_DEBUG_INFO = INCLUDE_SOURCE;
				MTL_FAST_MATH = YES;
				ONLY_ACTIVE_ARCH = YES;
				SDKROOT = iphoneos;
				SWIFT_ACTIVE_COMPILATION_CONDITIONS = DEBUG;
				SWIFT_OPTIMIZATION_LEVEL = "-Onone";
			};
			name = Debug;
		};
		1424CBB6266F99AB00B90411 /* Release */ = {
			isa = XCBuildConfiguration;
			buildSettings = {
				ALWAYS_SEARCH_USER_PATHS = NO;
				CLANG_ANALYZER_LOCALIZABILITY_NONLOCALIZED = YES;
				CLANG_ANALYZER_NONNULL = YES;
				CLANG_ANALYZER_NUMBER_OBJECT_CONVERSION = YES_AGGRESSIVE;
				CLANG_CXX_LANGUAGE_STANDARD = "gnu++14";
				CLANG_CXX_LIBRARY = "libc++";
				CLANG_ENABLE_MODULES = YES;
				CLANG_ENABLE_OBJC_ARC = YES;
				CLANG_ENABLE_OBJC_WEAK = YES;
				CLANG_WARN_BLOCK_CAPTURE_AUTORELEASING = YES;
				CLANG_WARN_BOOL_CONVERSION = YES;
				CLANG_WARN_COMMA = YES;
				CLANG_WARN_CONSTANT_CONVERSION = YES;
				CLANG_WARN_DEPRECATED_OBJC_IMPLEMENTATIONS = YES;
				CLANG_WARN_DIRECT_OBJC_ISA_USAGE = YES_ERROR;
				CLANG_WARN_DOCUMENTATION_COMMENTS = YES;
				CLANG_WARN_EMPTY_BODY = YES;
				CLANG_WARN_ENUM_CONVERSION = YES;
				CLANG_WARN_INFINITE_RECURSION = YES;
				CLANG_WARN_INT_CONVERSION = YES;
				CLANG_WARN_NON_LITERAL_NULL_CONVERSION = YES;
				CLANG_WARN_OBJC_IMPLICIT_RETAIN_SELF = YES;
				CLANG_WARN_OBJC_LITERAL_CONVERSION = YES;
				CLANG_WARN_OBJC_ROOT_CLASS = YES_ERROR;
				CLANG_WARN_QUOTED_INCLUDE_IN_FRAMEWORK_HEADER = YES;
				CLANG_WARN_RANGE_LOOP_ANALYSIS = YES;
				CLANG_WARN_STRICT_PROTOTYPES = YES;
				CLANG_WARN_SUSPICIOUS_MOVE = YES;
				CLANG_WARN_UNGUARDED_AVAILABILITY = YES_AGGRESSIVE;
				CLANG_WARN_UNREACHABLE_CODE = YES;
				CLANG_WARN__DUPLICATE_METHOD_MATCH = YES;
				COPY_PHASE_STRIP = NO;
				DEBUG_INFORMATION_FORMAT = "dwarf-with-dsym";
				ENABLE_NS_ASSERTIONS = NO;
				ENABLE_STRICT_OBJC_MSGSEND = YES;
				GCC_C_LANGUAGE_STANDARD = gnu11;
				GCC_NO_COMMON_BLOCKS = YES;
				GCC_WARN_64_TO_32_BIT_CONVERSION = YES;
				GCC_WARN_ABOUT_RETURN_TYPE = YES_ERROR;
				GCC_WARN_UNDECLARED_SELECTOR = YES;
				GCC_WARN_UNINITIALIZED_AUTOS = YES_AGGRESSIVE;
				GCC_WARN_UNUSED_FUNCTION = YES;
				GCC_WARN_UNUSED_VARIABLE = YES;
				IPHONEOS_DEPLOYMENT_TARGET = 13.0;
				MTL_ENABLE_DEBUG_INFO = NO;
				MTL_FAST_MATH = YES;
				SDKROOT = iphoneos;
				SWIFT_COMPILATION_MODE = wholemodule;
				SWIFT_OPTIMIZATION_LEVEL = "-O";
				VALIDATE_PRODUCT = YES;
			};
			name = Release;
		};
		1424CBB8266F99AB00B90411 /* Debug */ = {
			isa = XCBuildConfiguration;
			baseConfigurationReference = 25FBED0D05EE882E45632900 /* Pods-WeeklyKakeibo.debug.xcconfig */;
			buildSettings = {
				ASSETCATALOG_COMPILER_APPICON_NAME = AppIcon;
				ASSETCATALOG_COMPILER_GLOBAL_ACCENT_COLOR_NAME = AccentColor;
				CODE_SIGN_STYLE = Automatic;
				CURRENT_PROJECT_VERSION = 2;
				DEBUG_INFORMATION_FORMAT = "dwarf-with-dsym";
				DEVELOPMENT_TEAM = KLJUJCKPYD;
				INFOPLIST_FILE = WeeklyKakeibo/Info.plist;
				LD_RUNPATH_SEARCH_PATHS = (
					"$(inherited)",
					"@executable_path/Frameworks",
				);
				MARKETING_VERSION = 1.0.1;
				PRODUCT_BUNDLE_IDENTIFIER = com.mpen729.WeeklyKakeibo;
				PRODUCT_NAME = "$(TARGET_NAME)";
				SWIFT_VERSION = 5.0;
				TARGETED_DEVICE_FAMILY = "1,2";
			};
			name = Debug;
		};
		1424CBB9266F99AB00B90411 /* Release */ = {
			isa = XCBuildConfiguration;
			baseConfigurationReference = F15FFE07C51A528697A86290 /* Pods-WeeklyKakeibo.release.xcconfig */;
			buildSettings = {
				ASSETCATALOG_COMPILER_APPICON_NAME = AppIcon;
				ASSETCATALOG_COMPILER_GLOBAL_ACCENT_COLOR_NAME = AccentColor;
				CODE_SIGN_STYLE = Automatic;
				CURRENT_PROJECT_VERSION = 2;
				DEVELOPMENT_TEAM = KLJUJCKPYD;
				INFOPLIST_FILE = WeeklyKakeibo/Info.plist;
				LD_RUNPATH_SEARCH_PATHS = (
					"$(inherited)",
					"@executable_path/Frameworks",
				);
				MARKETING_VERSION = 1.0.1;
				PRODUCT_BUNDLE_IDENTIFIER = com.mpen729.WeeklyKakeibo;
				PRODUCT_NAME = "$(TARGET_NAME)";
				SWIFT_VERSION = 5.0;
				TARGETED_DEVICE_FAMILY = "1,2";
			};
			name = Release;
		};
		1424CBBB266F99AB00B90411 /* Debug */ = {
			isa = XCBuildConfiguration;
			baseConfigurationReference = 9D289FD2B975019E5B5778F9 /* Pods-WeeklyKakeiboTests.debug.xcconfig */;
			buildSettings = {
				ALWAYS_EMBED_SWIFT_STANDARD_LIBRARIES = YES;
				BUNDLE_LOADER = "$(TEST_HOST)";
				CODE_SIGN_STYLE = Automatic;
				DEVELOPMENT_TEAM = KLJUJCKPYD;
				INFOPLIST_FILE = WeeklyKakeiboTests/Info.plist;
				IPHONEOS_DEPLOYMENT_TARGET = 14.4;
				LD_RUNPATH_SEARCH_PATHS = (
					"$(inherited)",
					"@executable_path/Frameworks",
					"@loader_path/Frameworks",
				);
				PRODUCT_BUNDLE_IDENTIFIER = com.mpen729.WeeklyKakeiboTests;
				PRODUCT_NAME = "$(TARGET_NAME)";
				SWIFT_VERSION = 5.0;
				TARGETED_DEVICE_FAMILY = "1,2";
				TEST_HOST = "$(BUILT_PRODUCTS_DIR)/WeeklyKakeibo.app/WeeklyKakeibo";
			};
			name = Debug;
		};
		1424CBBC266F99AB00B90411 /* Release */ = {
			isa = XCBuildConfiguration;
			baseConfigurationReference = 494AEB47A368F50A699F13AC /* Pods-WeeklyKakeiboTests.release.xcconfig */;
			buildSettings = {
				ALWAYS_EMBED_SWIFT_STANDARD_LIBRARIES = YES;
				BUNDLE_LOADER = "$(TEST_HOST)";
				CODE_SIGN_STYLE = Automatic;
				DEVELOPMENT_TEAM = KLJUJCKPYD;
				INFOPLIST_FILE = WeeklyKakeiboTests/Info.plist;
				IPHONEOS_DEPLOYMENT_TARGET = 14.4;
				LD_RUNPATH_SEARCH_PATHS = (
					"$(inherited)",
					"@executable_path/Frameworks",
					"@loader_path/Frameworks",
				);
				PRODUCT_BUNDLE_IDENTIFIER = com.mpen729.WeeklyKakeiboTests;
				PRODUCT_NAME = "$(TARGET_NAME)";
				SWIFT_VERSION = 5.0;
				TARGETED_DEVICE_FAMILY = "1,2";
				TEST_HOST = "$(BUILT_PRODUCTS_DIR)/WeeklyKakeibo.app/WeeklyKakeibo";
			};
			name = Release;
		};
		1424CBBE266F99AB00B90411 /* Debug */ = {
			isa = XCBuildConfiguration;
			baseConfigurationReference = 96E9A92AAB44B535E2DC6C8B /* Pods-WeeklyKakeibo-WeeklyKakeiboUITests.debug.xcconfig */;
			buildSettings = {
				ALWAYS_EMBED_SWIFT_STANDARD_LIBRARIES = YES;
				CODE_SIGN_STYLE = Automatic;
				DEVELOPMENT_TEAM = KLJUJCKPYD;
				INFOPLIST_FILE = WeeklyKakeiboUITests/Info.plist;
				LD_RUNPATH_SEARCH_PATHS = (
					"$(inherited)",
					"@executable_path/Frameworks",
					"@loader_path/Frameworks",
				);
				PRODUCT_BUNDLE_IDENTIFIER = com.mpen729.WeeklyKakeiboUITests;
				PRODUCT_NAME = "$(TARGET_NAME)";
				SWIFT_VERSION = 5.0;
				TARGETED_DEVICE_FAMILY = "1,2";
				TEST_TARGET_NAME = WeeklyKakeibo;
			};
			name = Debug;
		};
		1424CBBF266F99AB00B90411 /* Release */ = {
			isa = XCBuildConfiguration;
			baseConfigurationReference = E43A439173C4A2427AF493B4 /* Pods-WeeklyKakeibo-WeeklyKakeiboUITests.release.xcconfig */;
			buildSettings = {
				ALWAYS_EMBED_SWIFT_STANDARD_LIBRARIES = YES;
				CODE_SIGN_STYLE = Automatic;
				DEVELOPMENT_TEAM = KLJUJCKPYD;
				INFOPLIST_FILE = WeeklyKakeiboUITests/Info.plist;
				LD_RUNPATH_SEARCH_PATHS = (
					"$(inherited)",
					"@executable_path/Frameworks",
					"@loader_path/Frameworks",
				);
				PRODUCT_BUNDLE_IDENTIFIER = com.mpen729.WeeklyKakeiboUITests;
				PRODUCT_NAME = "$(TARGET_NAME)";
				SWIFT_VERSION = 5.0;
				TARGETED_DEVICE_FAMILY = "1,2";
				TEST_TARGET_NAME = WeeklyKakeibo;
			};
			name = Release;
		};
/* End XCBuildConfiguration section */

/* Begin XCConfigurationList section */
		1424CB88266F99AB00B90411 /* Build configuration list for PBXProject "WeeklyKakeibo" */ = {
			isa = XCConfigurationList;
			buildConfigurations = (
				1424CBB5266F99AB00B90411 /* Debug */,
				1424CBB6266F99AB00B90411 /* Release */,
			);
			defaultConfigurationIsVisible = 0;
			defaultConfigurationName = Release;
		};
		1424CBB7266F99AB00B90411 /* Build configuration list for PBXNativeTarget "WeeklyKakeibo" */ = {
			isa = XCConfigurationList;
			buildConfigurations = (
				1424CBB8266F99AB00B90411 /* Debug */,
				1424CBB9266F99AB00B90411 /* Release */,
			);
			defaultConfigurationIsVisible = 0;
			defaultConfigurationName = Release;
		};
		1424CBBA266F99AB00B90411 /* Build configuration list for PBXNativeTarget "WeeklyKakeiboTests" */ = {
			isa = XCConfigurationList;
			buildConfigurations = (
				1424CBBB266F99AB00B90411 /* Debug */,
				1424CBBC266F99AB00B90411 /* Release */,
			);
			defaultConfigurationIsVisible = 0;
			defaultConfigurationName = Release;
		};
		1424CBBD266F99AB00B90411 /* Build configuration list for PBXNativeTarget "WeeklyKakeiboUITests" */ = {
			isa = XCConfigurationList;
			buildConfigurations = (
				1424CBBE266F99AB00B90411 /* Debug */,
				1424CBBF266F99AB00B90411 /* Release */,
			);
			defaultConfigurationIsVisible = 0;
			defaultConfigurationName = Release;
		};
/* End XCConfigurationList section */
	};
	rootObject = 1424CB85266F99AB00B90411 /* Project object */;
}
